
Microsoft Visual Studio Solution File, Format Version 12.00
# Visual Studio 15
VisualStudioVersion = 15.0.26403.3
MinimumVisualStudioVersion = 10.0.40219.1
Project("{9A19103F-16F7-4668-BE54-9A1E7A4F7556}") = "FinanceManager.Bot.Server", "FinanceManager.Bot.Server\FinanceManager.Bot.Server.csproj", "{635AABDC-5CF1-4DEE-A0E6-F3271C350088}"
EndProject
Project("{9A19103F-16F7-4668-BE54-9A1E7A4F7556}") = "FinanceManager.Bot.Framework", "FinanceManager.Bot.Framework\FinanceManager.Bot.Framework.csproj", "{A8BB9460-C168-4F3D-AE09-2CF649FCB13C}"
EndProject
Project("{9A19103F-16F7-4668-BE54-9A1E7A4F7556}") = "FinanceManager.Bot.DataAccessLayer", "FinanceManager.Bot.DataAccessLayer\FinanceManager.Bot.DataAccessLayer.csproj", "{0F82252E-07E3-4295-8517-52E67B5477B7}"
EndProject
Project("{9A19103F-16F7-4668-BE54-9A1E7A4F7556}") = "FinanceManager.Bot.Helpers", "FinanceManager.Bot.Helpers\FinanceManager.Bot.Helpers.csproj", "{FA34A599-6B48-4E6A-8B04-8FD09FF9E844}"
EndProject
Project("{FAE04EC0-301F-11D3-BF4B-00C04F79EFBC}") = "FinanceManager.Bot.Framework.Test", "FinanceManager.Bot.Framework.Test\FinanceManager.Bot.Framework.Test.csproj", "{DEB9F03B-389F-4E56-A88D-DFF1CE95A744}"
EndProject
Global
	GlobalSection(SolutionConfigurationPlatforms) = preSolution
		Debug|Any CPU = Debug|Any CPU
		Release|Any CPU = Release|Any CPU
	EndGlobalSection
	GlobalSection(ProjectConfigurationPlatforms) = postSolution
		{635AABDC-5CF1-4DEE-A0E6-F3271C350088}.Debug|Any CPU.ActiveCfg = Debug|Any CPU
		{635AABDC-5CF1-4DEE-A0E6-F3271C350088}.Debug|Any CPU.Build.0 = Debug|Any CPU
		{635AABDC-5CF1-4DEE-A0E6-F3271C350088}.Release|Any CPU.ActiveCfg = Release|Any CPU
		{635AABDC-5CF1-4DEE-A0E6-F3271C350088}.Release|Any CPU.Build.0 = Release|Any CPU
		{A8BB9460-C168-4F3D-AE09-2CF649FCB13C}.Debug|Any CPU.ActiveCfg = Debug|Any CPU
		{A8BB9460-C168-4F3D-AE09-2CF649FCB13C}.Debug|Any CPU.Build.0 = Debug|Any CPU
		{A8BB9460-C168-4F3D-AE09-2CF649FCB13C}.Release|Any CPU.ActiveCfg = Release|Any CPU
		{A8BB9460-C168-4F3D-AE09-2CF649FCB13C}.Release|Any CPU.Build.0 = Release|Any CPU
		{0F82252E-07E3-4295-8517-52E67B5477B7}.Debug|Any CPU.ActiveCfg = Debug|Any CPU
		{0F82252E-07E3-4295-8517-52E67B5477B7}.Debug|Any CPU.Build.0 = Debug|Any CPU
		{0F82252E-07E3-4295-8517-52E67B5477B7}.Release|Any CPU.ActiveCfg = Release|Any CPU
		{0F82252E-07E3-4295-8517-52E67B5477B7}.Release|Any CPU.Build.0 = Release|Any CPU
		{FA34A599-6B48-4E6A-8B04-8FD09FF9E844}.Debug|Any CPU.ActiveCfg = Debug|Any CPU
		{FA34A599-6B48-4E6A-8B04-8FD09FF9E844}.Debug|Any CPU.Build.0 = Debug|Any CPU
		{FA34A599-6B48-4E6A-8B04-8FD09FF9E844}.Release|Any CPU.ActiveCfg = Release|Any CPU
		{FA34A599-6B48-4E6A-8B04-8FD09FF9E844}.Release|Any CPU.Build.0 = Release|Any CPU
		{DEB9F03B-389F-4E56-A88D-DFF1CE95A744}.Debug|Any CPU.ActiveCfg = Debug|Any CPU
		{DEB9F03B-389F-4E56-A88D-DFF1CE95A744}.Debug|Any CPU.Build.0 = Debug|Any CPU
		{DEB9F03B-389F-4E56-A88D-DFF1CE95A744}.Release|Any CPU.ActiveCfg = Release|Any CPU
		{DEB9F03B-389F-4E56-A88D-DFF1CE95A744}.Release|Any CPU.Build.0 = Release|Any CPU
	EndGlobalSection
	GlobalSection(SolutionProperties) = preSolution
		HideSolutionNode = FALSE
	EndGlobalSection
	GlobalSection(ExtensibilityGlobals) = postSolution
		SolutionGuid = {5E94D8F5-1822-48F9-83D2-4E79647826DB}
	EndGlobalSection
EndGlobal
